lockfileVersion: '9.0'

settings:
  autoInstallPeers: true
  excludeLinksFromLockfile: false

importers:

  .:
    dependencies:
      binary-parser:
        specifier: ^2.3.0
        version: 2.3.0
      dayjs:
        specifier: ^1.11.20
        version: 1.11.20

packages:

  binary-parser@2.3.0:
    resolution: {integrity: sha512-TXOlPrhvi+kZUv3vA1qZ+MBdqZdihF8gWw7j/MRINiJqXH652GtLSqFTHNPjG8kHbiMQSCATG9oat9ao6aA8dA==}
    engines: {node: '>=14'}

  dayjs@1.11.20:
    resolution: {integrity: sha512-YbwwqR/uYpeoP4pu043q+LTDLFBLApUP6VxRihdfNTqu4ubqMlGDLd6ErXhEgsyvY0K6nCs7nggYumAN+9uEuQ==}

snapshots:

  binary-parser@2.3.0: {}

  dayjs@1.11.20: {}
